{
  "name": "AirfareDeploy",
  "lockfileVersion": 3,
  "requires": true,
  "packages": {
    "": {
      "dependencies": {
        "@geist-ui/react": "^2.2.5"
      }
    },
    "node_modules/@babel/runtime": {
      "version": "7.28.2",
      "resolved": "https://registry.npmjs.org/@babel/runtime/-/runtime-7.28.2.tgz",
      "integrity": "sha512-KHp2IflsnGywDjBWDkR9iEqiWSpc8GIi0lgTT3mOElT0PP1tG26P4tmFI2YvAdzgq9RGyoHZQEIEdZy6Ec5xCA==",
      "engines": {
        "node": ">=6.9.0"
      }
    },
    "node_modules/@geist-ui/react": {
      "version": "2.2.5",
      "resolved": "https://registry.npmjs.org/@geist-ui/react/-/react-2.2.5.tgz",
      "integrity": "sha512-yPBAweYVh5HXXJ6W5ont/z6UObbfsjesg0/KTfcJzc64/zjGgp+wv2zLIdReGOTAj2R4XWoNSirNGGbQnwFe6w==",
      "dependencies": {
        "@babel/runtime": "^7.16.7"
      },
      "peerDependencies": {
        "react": ">=16.9.0",
        "react-dom": ">=16.9.0"
      }
    },
    "node_modules/react": {
      "version": "19.1.1",
      "resolved": "https://registry.npmjs.org/react/-/react-19.1.1.tgz",
      "integrity": "sha512-w8nqGImo45dmMIfljjMwOGtbmC/mk4CMYhWIicdSflH91J9TyCyczcPFXJzrZ/ZXcgGRFeP6BU0BEJTw6tZdfQ==",
      "peer": true,
      "engines": {
        "node": ">=0.10.0"
      }
    },
    "node_modules/react-dom": {
      "version": "19.1.1",
      "resolved": "https://registry.npmjs.org/react-dom/-/react-dom-19.1.1.tgz",
      "integrity": "sha512-Dlq/5LAZgF0Gaz6yiqZCf6VCcZs1ghAJyrsu84Q/GT0gV+mCxbfmKNoGRKBYMJ8IEdGPqu49YWXD02GCknEDkw==",
      "peer": true,
      "dependencies": {
        "scheduler": "^0.26.0"
      },
      "peerDependencies": {
        "react": "^19.1.1"
      }
    },
    "node_modules/scheduler": {
      "version": "0.26.0",
      "resolved": "https://registry.npmjs.org/scheduler/-/scheduler-0.26.0.tgz",
      "integrity": "sha512-NlHwttCI/l5gCPR3D1nNXtWABUmBwvZpEQiD4IXSbIDq8BzLIK/7Ir5gTFSGZDUu37K5cMNp0hFtzO38sC7gWA==",
      "peer": true
    }
  }
}
